
Microsoft Visual Studio Solution File, Format Version 12.00
# Visual Studio 15
VisualStudioVersion = 15.0.28307.1022
MinimumVisualStudioVersion = 10.0.40219.1
Project("{FAE04EC0-301F-11D3-BF4B-00C04F79EFBC}") = "Web", "LegacyProject\Web.csproj", "{3D799AC9-C96B-43C0-8C75-0D17823666A3}"
EndProject
Project("{FAE04EC0-301F-11D3-BF4B-00C04F79EFBC}") = "Persistence", "Persistence\Persistence.csproj", "{02C8F5BE-41E3-427D-91FC-3EE2ABAF4617}"
EndProject
Project("{FAE04EC0-301F-11D3-BF4B-00C04F79EFBC}") = "AutofacBootstrapper", "AutofacBootstrapper\AutofacBootstrapper.csproj", "{BF9DA302-A13D-4D2E-A08C-0598DCE08D36}"
EndProject
Project("{FAE04EC0-301F-11D3-BF4B-00C04F79EFBC}") = "TestBootstrapper", "TestBootstrapper\TestBootstrapper.csproj", "{CE6CF176-27CB-4E0D-ADB6-6D1C93C913F5}"
EndProject
Project("{FAE04EC0-301F-11D3-BF4B-00C04F79EFBC}") = "Business", "Service\Business.csproj", "{DE7BD0BB-C4B5-464D-86D5-44A04A8FC978}"
EndProject
Global
	GlobalSection(SolutionConfigurationPlatforms) = preSolution
		Debug|Any CPU = Debug|Any CPU
		Release|Any CPU = Release|Any CPU
	EndGlobalSection
	GlobalSection(ProjectConfigurationPlatforms) = postSolution
		{3D799AC9-C96B-43C0-8C75-0D17823666A3}.Debug|Any CPU.ActiveCfg = Debug|Any CPU
		{3D799AC9-C96B-43C0-8C75-0D17823666A3}.Debug|Any CPU.Build.0 = Debug|Any CPU
		{3D799AC9-C96B-43C0-8C75-0D17823666A3}.Release|Any CPU.ActiveCfg = Release|Any CPU
		{3D799AC9-C96B-43C0-8C75-0D17823666A3}.Release|Any CPU.Build.0 = Release|Any CPU
		{02C8F5BE-41E3-427D-91FC-3EE2ABAF4617}.Debug|Any CPU.ActiveCfg = Debug|Any CPU
		{02C8F5BE-41E3-427D-91FC-3EE2ABAF4617}.Debug|Any CPU.Build.0 = Debug|Any CPU
		{02C8F5BE-41E3-427D-91FC-3EE2ABAF4617}.Release|Any CPU.ActiveCfg = Release|Any CPU
		{02C8F5BE-41E3-427D-91FC-3EE2ABAF4617}.Release|Any CPU.Build.0 = Release|Any CPU
		{BF9DA302-A13D-4D2E-A08C-0598DCE08D36}.Debug|Any CPU.ActiveCfg = Debug|Any CPU
		{BF9DA302-A13D-4D2E-A08C-0598DCE08D36}.Debug|Any CPU.Build.0 = Debug|Any CPU
		{BF9DA302-A13D-4D2E-A08C-0598DCE08D36}.Release|Any CPU.ActiveCfg = Release|Any CPU
		{BF9DA302-A13D-4D2E-A08C-0598DCE08D36}.Release|Any CPU.Build.0 = Release|Any CPU
		{CE6CF176-27CB-4E0D-ADB6-6D1C93C913F5}.Debug|Any CPU.ActiveCfg = Debug|Any CPU
		{CE6CF176-27CB-4E0D-ADB6-6D1C93C913F5}.Debug|Any CPU.Build.0 = Debug|Any CPU
		{CE6CF176-27CB-4E0D-ADB6-6D1C93C913F5}.Release|Any CPU.ActiveCfg = Release|Any CPU
		{CE6CF176-27CB-4E0D-ADB6-6D1C93C913F5}.Release|Any CPU.Build.0 = Release|Any CPU
		{DE7BD0BB-C4B5-464D-86D5-44A04A8FC978}.Debug|Any CPU.ActiveCfg = Debug|Any CPU
		{DE7BD0BB-C4B5-464D-86D5-44A04A8FC978}.Debug|Any CPU.Build.0 = Debug|Any CPU
		{DE7BD0BB-C4B5-464D-86D5-44A04A8FC978}.Release|Any CPU.ActiveCfg = Release|Any CPU
		{DE7BD0BB-C4B5-464D-86D5-44A04A8FC978}.Release|Any CPU.Build.0 = Release|Any CPU
	EndGlobalSection
	GlobalSection(SolutionProperties) = preSolution
		HideSolutionNode = FALSE
	EndGlobalSection
	GlobalSection(ExtensibilityGlobals) = postSolution
		SolutionGuid = {D3337C3E-6AAB-41BB-BBE3-978CF6551016}
	EndGlobalSection
EndGlobal
